
Microsoft Visual Studio Solution File, Format Version 12.00
# Visual Studio Version 16
VisualStudioVersion = 16.0.30503.244
MinimumVisualStudioVersion = 10.0.40219.1
Project("{FAE04EC0-301F-11D3-BF4B-00C04F79EFBC}") = "NetoPortfolio", "NetoPortfolio\NetoPortfolio.csproj", "{248B9104-7859-4AE7-8875-26132B2865D5}"
EndProject
Global
	GlobalSection(SolutionConfigurationPlatforms) = preSolution
		Debug|Any CPU = Debug|Any CPU
		Release|Any CPU = Release|Any CPU
	EndGlobalSection
	GlobalSection(ProjectConfigurationPlatforms) = postSolution
		{248B9104-7859-4AE7-8875-26132B2865D5}.Debug|Any CPU.ActiveCfg = Debug|Any CPU
		{248B9104-7859-4AE7-8875-26132B2865D5}.Debug|Any CPU.Build.0 = Debug|Any CPU
		{248B9104-7859-4AE7-8875-26132B2865D5}.Release|Any CPU.ActiveCfg = Release|Any CPU
		{248B9104-7859-4AE7-8875-26132B2865D5}.Release|Any CPU.Build.0 = Release|Any CPU
	EndGlobalSection
	GlobalSection(SolutionProperties) = preSolution
		HideSolutionNode = FALSE
	EndGlobalSection
	GlobalSection(ExtensibilityGlobals) = postSolution
		SolutionGuid = {B98FA42C-A9A4-4F42-8559-9A8A9AEC7196}
	EndGlobalSection
EndGlobal
